
Microsoft Visual Studio Solution File, Format Version 12.00
# Visual Studio Version 16
VisualStudioVersion = 16.0.29306.81
MinimumVisualStudioVersion = 10.0.40219.1
Project("{FAE04EC0-301F-11D3-BF4B-00C04F79EFBC}") = "ConsoleApp", "ConsoleApp\ConsoleApp.csproj", "{E7BDF286-B5CA-4EE4-B528-05C317947301}"
EndProject
Global
	GlobalSection(SolutionConfigurationPlatforms) = preSolution
		Debug|Any CPU = Debug|Any CPU
		Release|Any CPU = Release|Any CPU
	EndGlobalSection
	GlobalSection(ProjectConfigurationPlatforms) = postSolution
		{E7BDF286-B5CA-4EE4-B528-05C317947301}.Debug|Any CPU.ActiveCfg = Debug|Any CPU
		{E7BDF286-B5CA-4EE4-B528-05C317947301}.Debug|Any CPU.Build.0 = Debug|Any CPU
		{E7BDF286-B5CA-4EE4-B528-05C317947301}.Release|Any CPU.ActiveCfg = Release|Any CPU
		{E7BDF286-B5CA-4EE4-B528-05C317947301}.Release|Any CPU.Build.0 = Release|Any CPU
	EndGlobalSection
	GlobalSection(SolutionProperties) = preSolution
		HideSolutionNode = FALSE
	EndGlobalSection
	GlobalSection(ExtensibilityGlobals) = postSolution
		SolutionGuid = {11AF17C7-5CD6-4CC3-A70C-1235FA027D0B}
	EndGlobalSection
EndGlobal
